// !$*UTF8*$!
{
	archiveVersion = 1;
	classes = {
	};
	objectVersion = 56;
	objects = {

/* Begin PBXBuildFile section */
		0E7D7AC62A0BADEF007C7F33 /* CalmCompassApp.swift in Sources */ = {isa = PBXBuildFile; fileRef = 0E7D7AC52A0BADEF007C7F33 /* CalmCompassApp.swift */; };
		0E7D7AC82A0BADEF007C7F33 /* ContentView.swift in Sources */ = {isa = PBXBuildFile; fileRef = 0E7D7AC72A0BADEF007C7F33 /* ContentView.swift */; };
		0E7D7ACA2A0BADF0007C7F33 /* Assets.xcassets in Resources */ = {isa = PBXBuildFile; fileRef = 0E7D7AC92A0BADF0007C7F33 /* Assets.xcassets */; };
		0E7D7ACD2A0BADF0007C7F33 /* Preview Assets.xcassets in Resources */ = {isa = PBXBuildFile; fileRef = 0E7D7ACC2A0BADF0007C7F33 /* Preview Assets.xcassets */; };
		0E7D7AD72A0BADF0007C7F33 /* CalmCompassTests.swift in Sources */ = {isa = PBXBuildFile; fileRef = 0E7D7AD62A0BADF0007C7F33 /* CalmCompassTests.swift */; };
		0E7D7AE12A0BADF0007C7F33 /* CalmCompassUITests.swift in Sources */ = {isa = PBXBuildFile; fileRef = 0E7D7AE02A0BADF0007C7F33 /* CalmCompassUITests.swift */; };
		0E7D7AE32A0BADF0007C7F33 /* CalmCompassUITestsLaunchTests.swift in Sources */ = {isa = PBXBuildFile; fileRef = 0E7D7AE22A0BADF0007C7F33 /* CalmCompassUITestsLaunchTests.swift */; };
		0E7D7AF82A0D5650007C7F33 /* GoogleService-Info-3.plist in Resources */ = {isa = PBXBuildFile; fileRef = 0E7D7AF72A0D5650007C7F33 /* GoogleService-Info-3.plist */; };
		0E7D7AFB2A0D57B0007C7F33 /* FirebaseAnalyticsSwift in Frameworks */ = {isa = PBXBuildFile; productRef = 0E7D7AFA2A0D57B0007C7F33 /* FirebaseAnalyticsSwift */; };
		0E7D7AFD2A0D57B0007C7F33 /* FirebaseAuth in Frameworks */ = {isa = PBXBuildFile; productRef = 0E7D7AFC2A0D57B0007C7F33 /* FirebaseAuth */; };
		0E7D7AFF2A0D57B0007C7F33 /* FirebaseFirestore in Frameworks */ = {isa = PBXBuildFile; productRef = 0E7D7AFE2A0D57B0007C7F33 /* FirebaseFirestore */; };
		0E7D7B012A0D57B0007C7F33 /* FirebaseFirestoreSwift in Frameworks */ = {isa = PBXBuildFile; productRef = 0E7D7B002A0D57B0007C7F33 /* FirebaseFirestoreSwift */; };
		0E7D7B032A0D57B0007C7F33 /* FirebaseStorage in Frameworks */ = {isa = PBXBuildFile; productRef = 0E7D7B022A0D57B0007C7F33 /* FirebaseStorage */; };
		0E7D7B072A0D59E9007C7F33 /* FirestoreViewModel.swift in Sources */ = {isa = PBXBuildFile; fileRef = 0E7D7B062A0D59E9007C7F33 /* FirestoreViewModel.swift */; };
		0E7D7B092A0D5A09007C7F33 /* AuthViewModel.swift in Sources */ = {isa = PBXBuildFile; fileRef = 0E7D7B082A0D5A09007C7F33 /* AuthViewModel.swift */; };
		0E7D7B0C2A0D5BD3007C7F33 /* LottieView.swift in Sources */ = {isa = PBXBuildFile; fileRef = 0E7D7B0B2A0D5BD3007C7F33 /* LottieView.swift */; };
		0E7D7B0F2A0D5BF1007C7F33 /* Lottie in Frameworks */ = {isa = PBXBuildFile; productRef = 0E7D7B0E2A0D5BF1007C7F33 /* Lottie */; };
/* End PBXBuildFile section */

/* Begin PBXContainerItemProxy section */
		0E7D7AD32A0BADF0007C7F33 /* PBXContainerItemProxy */ = {
			isa = PBXContainerItemProxy;
			containerPortal = 0E7D7ABA2A0BADEF007C7F33 /* Project object */;
			proxyType = 1;
			remoteGlobalIDString = 0E7D7AC12A0BADEF007C7F33;
			remoteInfo = CalmCompass;
		};
		0E7D7ADD2A0BADF0007C7F33 /* PBXContainerItemProxy */ = {
			isa = PBXContainerItemProxy;
			containerPortal = 0E7D7ABA2A0BADEF007C7F33 /* Project object */;
			proxyType = 1;
			remoteGlobalIDString = 0E7D7AC12A0BADEF007C7F33;
			remoteInfo = CalmCompass;
		};
/* End PBXContainerItemProxy section */

/* Begin PBXFileReference section */
		0E7D7AC22A0BADEF007C7F33 /* CalmCompass.app */ = {isa = PBXFileReference; explicitFileType = wrapper.application; includeInIndex = 0; path = CalmCompass.app; sourceTree = BUILT_PRODUCTS_DIR; };
		0E7D7AC52A0BADEF007C7F33 /* CalmCompassApp.swift */ = {isa = PBXFileReference; lastKnownFileType = sourcecode.swift; path = CalmCompassApp.swift; sourceTree = "<group>"; };
		0E7D7AC72A0BADEF007C7F33 /* ContentView.swift */ = {isa = PBXFileReference; lastKnownFileType = sourcecode.swift; path = ContentView.swift; sourceTree = "<group>"; };
		0E7D7AC92A0BADF0007C7F33 /* Assets.xcassets */ = {isa = PBXFileReference; lastKnownFileType = folder.assetcatalog; path = Assets.xcassets; sourceTree = "<group>"; };
		0E7D7ACC2A0BADF0007C7F33 /* Preview Assets.xcassets */ = {isa = PBXFileReference; lastKnownFileType = folder.assetcatalog; path = "Preview Assets.xcassets"; sourceTree = "<group>"; };
		0E7D7AD22A0BADF0007C7F33 /* CalmCompassTests.xctest */ = {isa = PBXFileReference; explicitFileType = wrapper.cfbundle; includeInIndex = 0; path = CalmCompassTests.xctest; sourceTree = BUILT_PRODUCTS_DIR; };
		0E7D7AD62A0BADF0007C7F33 /* CalmCompassTests.swift */ = {isa = PBXFileReference; lastKnownFileType = sourcecode.swift; path = CalmCompassTests.swift; sourceTree = "<group>"; };
		0E7D7ADC2A0BADF0007C7F33 /* CalmCompassUITests.xctest */ = {isa = PBXFileReference; explicitFileType = wrapper.cfbundle; includeInIndex = 0; path = CalmCompassUITests.xctest; sourceTree = BUILT_PRODUCTS_DIR; };
		0E7D7AE02A0BADF0007C7F33 /* CalmCompassUITests.swift */ = {isa = PBXFileReference; lastKnownFileType = sourcecode.swift; path = CalmCompassUITests.swift; sourceTree = "<group>"; };
		0E7D7AE22A0BADF0007C7F33 /* CalmCompassUITestsLaunchTests.swift */ = {isa = PBXFileReference; lastKnownFileType = sourcecode.swift; path = CalmCompassUITestsLaunchTests.swift; sourceTree = "<group>"; };
		0E7D7AF72A0D5650007C7F33 /* GoogleService-Info-3.plist */ = {isa = PBXFileReference; fileEncoding = 4; lastKnownFileType = text.plist.xml; path = "GoogleService-Info-3.plist"; sourceTree = "<group>"; };
		0E7D7B062A0D59E9007C7F33 /* FirestoreViewModel.swift */ = {isa = PBXFileReference; lastKnownFileType = sourcecode.swift; path = FirestoreViewModel.swift; sourceTree = "<group>"; };
		0E7D7B082A0D5A09007C7F33 /* AuthViewModel.swift */ = {isa = PBXFileReference; lastKnownFileType = sourcecode.swift; path = AuthViewModel.swift; sourceTree = "<group>"; };
		0E7D7B0B2A0D5BD3007C7F33 /* LottieView.swift */ = {isa = PBXFileReference; lastKnownFileType = sourcecode.swift; path = LottieView.swift; sourceTree = "<group>"; };
/* End PBXFileReference section */

/* Begin PBXFrameworksBuildPhase section */
		0E7D7ABF2A0BADEF007C7F33 /* Frameworks */ = {
			isa = PBXFrameworksBuildPhase;
			buildActionMask = 2147483647;
			files = (
				0E7D7AFB2A0D57B0007C7F33 /* FirebaseAnalyticsSwift in Frameworks */,
				0E7D7AFD2A0D57B0007C7F33 /* FirebaseAuth in Frameworks */,
				0E7D7AFF2A0D57B0007C7F33 /* FirebaseFirestore in Frameworks */,
				0E7D7B032A0D57B0007C7F33 /* FirebaseStorage in Frameworks */,
				0E7D7B012A0D57B0007C7F33 /* FirebaseFirestoreSwift in Frameworks */,
				0E7D7B0F2A0D5BF1007C7F33 /* Lottie in Frameworks */,
			);
			runOnlyForDeploymentPostprocessing = 0;
		};
		0E7D7ACF2A0BADF0007C7F33 /* Frameworks */ = {
			isa = PBXFrameworksBuildPhase;
			buildActionMask = 2147483647;
			files = (
			);
			runOnlyForDeploymentPostprocessing = 0;
		};
		0E7D7AD92A0BADF0007C7F33 /* Frameworks */ = {
			isa = PBXFrameworksBuildPhase;
			buildActionMask = 2147483647;
			files = (
			);
			runOnlyForDeploymentPostprocessing = 0;
		};
/* End PBXFrameworksBuildPhase section */

/* Begin PBXGroup section */
		0E7D7AB92A0BADEF007C7F33 = {
			isa = PBXGroup;
			children = (
				0E7D7AC42A0BADEF007C7F33 /* CalmCompass */,
				0E7D7AD52A0BADF0007C7F33 /* CalmCompassTests */,
				0E7D7ADF2A0BADF0007C7F33 /* CalmCompassUITests */,
				0E7D7AC32A0BADEF007C7F33 /* Products */,
			);
			sourceTree = "<group>";
		};
		0E7D7AC32A0BADEF007C7F33 /* Products */ = {
			isa = PBXGroup;
			children = (
				0E7D7AC22A0BADEF007C7F33 /* CalmCompass.app */,
				0E7D7AD22A0BADF0007C7F33 /* CalmCompassTests.xctest */,
				0E7D7ADC2A0BADF0007C7F33 /* CalmCompassUITests.xctest */,
			);
			name = Products;
			sourceTree = "<group>";
		};
		0E7D7AC42A0BADEF007C7F33 /* CalmCompass */ = {
			isa = PBXGroup;
			children = (
				0E7D7AF72A0D5650007C7F33 /* GoogleService-Info-3.plist */,
				0E7D7B102A0D5C43007C7F33 /* Images */,
				0E7D7B0A2A0D5BB8007C7F33 /* LottieFiles */,
				0E7D7B052A0D58E4007C7F33 /* Views */,
				0E7D7B042A0D58DB007C7F33 /* ViewModels */,
				0E7D7AC52A0BADEF007C7F33 /* CalmCompassApp.swift */,
				0E7D7AC92A0BADF0007C7F33 /* Assets.xcassets */,
				0E7D7ACB2A0BADF0007C7F33 /* Preview Content */,
			);
			path = CalmCompass;
			sourceTree = "<group>";
		};
		0E7D7ACB2A0BADF0007C7F33 /* Preview Content */ = {
			isa = PBXGroup;
			children = (
				0E7D7ACC2A0BADF0007C7F33 /* Preview Assets.xcassets */,
			);
			path = "Preview Content";
			sourceTree = "<group>";
		};
		0E7D7AD52A0BADF0007C7F33 /* CalmCompassTests */ = {
			isa = PBXGroup;
			children = (
				0E7D7AD62A0BADF0007C7F33 /* CalmCompassTests.swift */,
			);
			path = CalmCompassTests;
			sourceTree = "<group>";
		};
		0E7D7ADF2A0BADF0007C7F33 /* CalmCompassUITests */ = {
			isa = PBXGroup;
			children = (
				0E7D7AE02A0BADF0007C7F33 /* CalmCompassUITests.swift */,
				0E7D7AE22A0BADF0007C7F33 /* CalmCompassUITestsLaunchTests.swift */,
			);
			path = CalmCompassUITests;
			sourceTree = "<group>";
		};
		0E7D7B042A0D58DB007C7F33 /* ViewModels */ = {
			isa = PBXGroup;
			children = (
				0E7D7B062A0D59E9007C7F33 /* FirestoreViewModel.swift */,
				0E7D7B082A0D5A09007C7F33 /* AuthViewModel.swift */,
			);
			path = ViewModels;
			sourceTree = "<group>";
		};
		0E7D7B052A0D58E4007C7F33 /* Views */ = {
			isa = PBXGroup;
			children = (
				0E7D7AC72A0BADEF007C7F33 /* ContentView.swift */,
			);
			path = Views;
			sourceTree = "<group>";
		};
		0E7D7B0A2A0D5BB8007C7F33 /* LottieFiles */ = {
			isa = PBXGroup;
			children = (
				0E7D7B0B2A0D5BD3007C7F33 /* LottieView.swift */,
			);
			path = LottieFiles;
			sourceTree = "<group>";
		};
		0E7D7B102A0D5C43007C7F33 /* Images */ = {
			isa = PBXGroup;
			children = (
			);
			path = Images;
			sourceTree = "<group>";
		};
/* End PBXGroup section */

/* Begin PBXNativeTarget section */
		0E7D7AC12A0BADEF007C7F33 /* CalmCompass */ = {
			isa = PBXNativeTarget;
			buildConfigurationList = 0E7D7AE62A0BADF0007C7F33 /* Build configuration list for PBXNativeTarget "CalmCompass" */;
			buildPhases = (
				0E7D7ABE2A0BADEF007C7F33 /* Sources */,
				0E7D7ABF2A0BADEF007C7F33 /* Frameworks */,
				0E7D7AC02A0BADEF007C7F33 /* Resources */,
			);
			buildRules = (
			);
			dependencies = (
			);
			name = CalmCompass;
			packageProductDependencies = (
				0E7D7AFA2A0D57B0007C7F33 /* FirebaseAnalyticsSwift */,
				0E7D7AFC2A0D57B0007C7F33 /* FirebaseAuth */,
				0E7D7AFE2A0D57B0007C7F33 /* FirebaseFirestore */,
				0E7D7B002A0D57B0007C7F33 /* FirebaseFirestoreSwift */,
				0E7D7B022A0D57B0007C7F33 /* FirebaseStorage */,
				0E7D7B0E2A0D5BF1007C7F33 /* Lottie */,
			);
			productName = CalmCompass;
			productReference = 0E7D7AC22A0BADEF007C7F33 /* CalmCompass.app */;
			productType = "com.apple.product-type.application";
		};
		0E7D7AD12A0BADF0007C7F33 /* CalmCompassTests */ = {
			isa = PBXNativeTarget;
			buildConfigurationList = 0E7D7AE92A0BADF0007C7F33 /* Build configuration list for PBXNativeTarget "CalmCompassTests" */;
			buildPhases = (
				0E7D7ACE2A0BADF0007C7F33 /* Sources */,
				0E7D7ACF2A0BADF0007C7F33 /* Frameworks */,
				0E7D7AD02A0BADF0007C7F33 /* Resources */,
			);
			buildRules = (
			);
			dependencies = (
				0E7D7AD42A0BADF0007C7F33 /* PBXTargetDependency */,
			);
			name = CalmCompassTests;
			productName = CalmCompassTests;
			productReference = 0E7D7AD22A0BADF0007C7F33 /* CalmCompassTests.xctest */;
			productType = "com.apple.product-type.bundle.unit-test";
		};
		0E7D7ADB2A0BADF0007C7F33 /* CalmCompassUITests */ = {
			isa = PBXNativeTarget;
			buildConfigurationList = 0E7D7AEC2A0BADF0007C7F33 /* Build configuration list for PBXNativeTarget "CalmCompassUITests" */;
			buildPhases = (
				0E7D7AD82A0BADF0007C7F33 /* Sources */,
				0E7D7AD92A0BADF0007C7F33 /* Frameworks */,
				0E7D7ADA2A0BADF0007C7F33 /* Resources */,
			);
			buildRules = (
			);
			dependencies = (
				0E7D7ADE2A0BADF0007C7F33 /* PBXTargetDependency */,
			);
			name = CalmCompassUITests;
			productName = CalmCompassUITests;
			productReference = 0E7D7ADC2A0BADF0007C7F33 /* CalmCompassUITests.xctest */;
			productType = "com.apple.product-type.bundle.ui-testing";
		};
/* End PBXNativeTarget section */

/* Begin PBXProject section */
		0E7D7ABA2A0BADEF007C7F33 /* Project object */ = {
			isa = PBXProject;
			attributes = {
				BuildIndependentTargetsInParallel = 1;
				LastSwiftUpdateCheck = 1430;
				LastUpgradeCheck = 1430;
				TargetAttributes = {
					0E7D7AC12A0BADEF007C7F33 = {
						CreatedOnToolsVersion = 14.3;
					};
					0E7D7AD12A0BADF0007C7F33 = {
						CreatedOnToolsVersion = 14.3;
						TestTargetID = 0E7D7AC12A0BADEF007C7F33;
					};
					0E7D7ADB2A0BADF0007C7F33 = {
						CreatedOnToolsVersion = 14.3;
						TestTargetID = 0E7D7AC12A0BADEF007C7F33;
					};
				};
			};
			buildConfigurationList = 0E7D7ABD2A0BADEF007C7F33 /* Build configuration list for PBXProject "CalmCompass" */;
			compatibilityVersion = "Xcode 14.0";
			developmentRegion = en;
			hasScannedForEncodings = 0;
			knownRegions = (
				en,
				Base,
			);
			mainGroup = 0E7D7AB92A0BADEF007C7F33;
			packageReferences = (
				0E7D7AF92A0D57B0007C7F33 /* XCRemoteSwiftPackageReference "firebase-ios-sdk" */,
				0E7D7B0D2A0D5BF1007C7F33 /* XCRemoteSwiftPackageReference "lottie-ios" */,
			);
			productRefGroup = 0E7D7AC32A0BADEF007C7F33 /* Products */;
			projectDirPath = "";
			projectRoot = "";
			targets = (
				0E7D7AC12A0BADEF007C7F33 /* CalmCompass */,
				0E7D7AD12A0BADF0007C7F33 /* CalmCompassTests */,
				0E7D7ADB2A0BADF0007C7F33 /* CalmCompassUITests */,
			);
		};
/* End PBXProject section */

/* Begin PBXResourcesBuildPhase section */
		0E7D7AC02A0BADEF007C7F33 /* Resources */ = {
			isa = PBXResourcesBuildPhase;
			buildActionMask = 2147483647;
			files = (
				0E7D7ACD2A0BADF0007C7F33 /* Preview Assets.xcassets in Resources */,
				0E7D7AF82A0D5650007C7F33 /* GoogleService-Info-3.plist in Resources */,
				0E7D7ACA2A0BADF0007C7F33 /* Assets.xcassets in Resources */,
			);
			runOnlyForDeploymentPostprocessing = 0;
		};
		0E7D7AD02A0BADF0007C7F33 /* Resources */ = {
			isa = PBXResourcesBuildPhase;
			buildActionMask = 2147483647;
			files = (
			);
			runOnlyForDeploymentPostprocessing = 0;
		};
		0E7D7ADA2A0BADF0007C7F33 /* Resources */ = {
			isa = PBXResourcesBuildPhase;
			buildActionMask = 2147483647;
			files = (
			);
			runOnlyForDeploymentPostprocessing = 0;
		};
/* End PBXResourcesBuildPhase section */

/* Begin PBXSourcesBuildPhase section */
		0E7D7ABE2A0BADEF007C7F33 /* Sources */ = {
			isa = PBXSourcesBuildPhase;
			buildActionMask = 2147483647;
			files = (
				0E7D7B092A0D5A09007C7F33 /* AuthViewModel.swift in Sources */,
				0E7D7AC82A0BADEF007C7F33 /* ContentView.swift in Sources */,
				0E7D7B0C2A0D5BD3007C7F33 /* LottieView.swift in Sources */,
				0E7D7B072A0D59E9007C7F33 /* FirestoreViewModel.swift in Sources */,
				0E7D7AC62A0BADEF007C7F33 /* CalmCompassApp.swift in Sources */,
			);
			runOnlyForDeploymentPostprocessing = 0;
		};
		0E7D7ACE2A0BADF0007C7F33 /* Sources */ = {
			isa = PBXSourcesBuildPhase;
			buildActionMask = 2147483647;
			files = (
				0E7D7AD72A0BADF0007C7F33 /* CalmCompassTests.swift in Sources */,
			);
			runOnlyForDeploymentPostprocessing = 0;
		};
		0E7D7AD82A0BADF0007C7F33 /* Sources */ = {
			isa = PBXSourcesBuildPhase;
			buildActionMask = 2147483647;
			files = (
				0E7D7AE32A0BADF0007C7F33 /* CalmCompassUITestsLaunchTests.swift in Sources */,
				0E7D7AE12A0BADF0007C7F33 /* CalmCompassUITests.swift in Sources */,
			);
			runOnlyForDeploymentPostprocessing = 0;
		};
/* End PBXSourcesBuildPhase section */

/* Begin PBXTargetDependency section */
		0E7D7AD42A0BADF0007C7F33 /* PBXTargetDependency */ = {
			isa = PBXTargetDependency;
			target = 0E7D7AC12A0BADEF007C7F33 /* CalmCompass */;
			targetProxy = 0E7D7AD32A0BADF0007C7F33 /* PBXContainerItemProxy */;
		};
		0E7D7ADE2A0BADF0007C7F33 /* PBXTargetDependency */ = {
			isa = PBXTargetDependency;
			target = 0E7D7AC12A0BADEF007C7F33 /* CalmCompass */;
			targetProxy = 0E7D7ADD2A0BADF0007C7F33 /* PBXContainerItemProxy */;
		};
/* End PBXTargetDependency section */

/* Begin XCBuildConfiguration section */
		0E7D7AE42A0BADF0007C7F33 /* Debug */ = {
			isa = XCBuildConfiguration;
			buildSettings = {
				ALWAYS_SEARCH_USER_PATHS = NO;
				CLANG_ANALYZER_NONNULL = YES;
				CLANG_ANALYZER_NUMBER_OBJECT_CONVERSION = YES_AGGRESSIVE;
				CLANG_CXX_LANGUAGE_STANDARD = "gnu++20";
				CLANG_ENABLE_MODULES = YES;
				CLANG_ENABLE_OBJC_ARC = YES;
				CLANG_ENABLE_OBJC_WEAK = YES;
				CLANG_WARN_BLOCK_CAPTURE_AUTORELEASING = YES;
				CLANG_WARN_BOOL_CONVERSION = YES;
				CLANG_WARN_COMMA = YES;
				CLANG_WARN_CONSTANT_CONVERSION = YES;
				CLANG_WARN_DEPRECATED_OBJC_IMPLEMENTATIONS = YES;
				CLANG_WARN_DIRECT_OBJC_ISA_USAGE = YES_ERROR;
				CLANG_WARN_DOCUMENTATION_COMMENTS = YES;
				CLANG_WARN_EMPTY_BODY = YES;
				CLANG_WARN_ENUM_CONVERSION = YES;
				CLANG_WARN_INFINITE_RECURSION = YES;
				CLANG_WARN_INT_CONVERSION = YES;
				CLANG_WARN_NON_LITERAL_NULL_CONVERSION = YES;
				CLANG_WARN_OBJC_IMPLICIT_RETAIN_SELF = YES;
				CLANG_WARN_OBJC_LITERAL_CONVERSION = YES;
				CLANG_WARN_OBJC_ROOT_CLASS = YES_ERROR;
				CLANG_WARN_QUOTED_INCLUDE_IN_FRAMEWORK_HEADER = YES;
				CLANG_WARN_RANGE_LOOP_ANALYSIS = YES;
				CLANG_WARN_STRICT_PROTOTYPES = YES;
				CLANG_WARN_SUSPICIOUS_MOVE = YES;
				CLANG_WARN_UNGUARDED_AVAILABILITY = YES_AGGRESSIVE;
				CLANG_WARN_UNREACHABLE_CODE = YES;
				CLANG_WARN__DUPLICATE_METHOD_MATCH = YES;
				COPY_PHASE_STRIP = NO;
				DEBUG_INFORMATION_FORMAT = dwarf;
				ENABLE_STRICT_OBJC_MSGSEND = YES;
				ENABLE_TESTABILITY = YES;
				GCC_C_LANGUAGE_STANDARD = gnu11;
				GCC_DYNAMIC_NO_PIC = NO;
				GCC_NO_COMMON_BLOCKS = YES;
				GCC_OPTIMIZATION_LEVEL = 0;
				GCC_PREPROCESSOR_DEFINITIONS = (
					"DEBUG=1",
					"$(inherited)",
				);
				GCC_WARN_64_TO_32_BIT_CONVERSION = YES;
				GCC_WARN_ABOUT_RETURN_TYPE = YES_ERROR;
				GCC_WARN_UNDECLARED_SELECTOR = YES;
				GCC_WARN_UNINITIALIZED_AUTOS = YES_AGGRESSIVE;
				GCC_WARN_UNUSED_FUNCTION = YES;
				GCC_WARN_UNUSED_VARIABLE = YES;
				IPHONEOS_DEPLOYMENT_TARGET = 16.4;
				MTL_ENABLE_DEBUG_INFO = INCLUDE_SOURCE;
				MTL_FAST_MATH = YES;
				ONLY_ACTIVE_ARCH = YES;
				SDKROOT = iphoneos;
				SWIFT_ACTIVE_COMPILATION_CONDITIONS = DEBUG;
				SWIFT_OPTIMIZATION_LEVEL = "-Onone";
			};
			name = Debug;
		};
		0E7D7AE52A0BADF0007C7F33 /* Release */ = {
			isa = XCBuildConfiguration;
			buildSettings = {
				ALWAYS_SEARCH_USER_PATHS = NO;
				CLANG_ANALYZER_NONNULL = YES;
				CLANG_ANALYZER_NUMBER_OBJECT_CONVERSION = YES_AGGRESSIVE;
				CLANG_CXX_LANGUAGE_STANDARD = "gnu++20";
				CLANG_ENABLE_MODULES = YES;
				CLANG_ENABLE_OBJC_ARC = YES;
				CLANG_ENABLE_OBJC_WEAK = YES;
				CLANG_WARN_BLOCK_CAPTURE_AUTORELEASING = YES;
				CLANG_WARN_BOOL_CONVERSION = YES;
				CLANG_WARN_COMMA = YES;
				CLANG_WARN_CONSTANT_CONVERSION = YES;
				CLANG_WARN_DEPRECATED_OBJC_IMPLEMENTATIONS = YES;
				CLANG_WARN_DIRECT_OBJC_ISA_USAGE = YES_ERROR;
				CLANG_WARN_DOCUMENTATION_COMMENTS = YES;
				CLANG_WARN_EMPTY_BODY = YES;
				CLANG_WARN_ENUM_CONVERSION = YES;
				CLANG_WARN_INFINITE_RECURSION = YES;
				CLANG_WARN_INT_CONVERSION = YES;
				CLANG_WARN_NON_LITERAL_NULL_CONVERSION = YES;
				CLANG_WARN_OBJC_IMPLICIT_RETAIN_SELF = YES;
				CLANG_WARN_OBJC_LITERAL_CONVERSION = YES;
				CLANG_WARN_OBJC_ROOT_CLASS = YES_ERROR;
				CLANG_WARN_QUOTED_INCLUDE_IN_FRAMEWORK_HEADER = YES;
				CLANG_WARN_RANGE_LOOP_ANALYSIS = YES;
				CLANG_WARN_STRICT_PROTOTYPES = YES;
				CLANG_WARN_SUSPICIOUS_MOVE = YES;
				CLANG_WARN_UNGUARDED_AVAILABILITY = YES_AGGRESSIVE;
				CLANG_WARN_UNREACHABLE_CODE = YES;
				CLANG_WARN__DUPLICATE_METHOD_MATCH = YES;
				COPY_PHASE_STRIP = NO;
				DEBUG_INFORMATION_FORMAT = "dwarf-with-dsym";
				ENABLE_NS_ASSERTIONS = NO;
				ENABLE_STRICT_OBJC_MSGSEND = YES;
				GCC_C_LANGUAGE_STANDARD = gnu11;
				GCC_NO_COMMON_BLOCKS = YES;
				GCC_WARN_64_TO_32_BIT_CONVERSION = YES;
				GCC_WARN_ABOUT_RETURN_TYPE = YES_ERROR;
				GCC_WARN_UNDECLARED_SELECTOR = YES;
				GCC_WARN_UNINITIALIZED_AUTOS = YES_AGGRESSIVE;
				GCC_WARN_UNUSED_FUNCTION = YES;
				GCC_WARN_UNUSED_VARIABLE = YES;
				IPHONEOS_DEPLOYMENT_TARGET = 16.4;
				MTL_ENABLE_DEBUG_INFO = NO;
				MTL_FAST_MATH = YES;
				SDKROOT = iphoneos;
				SWIFT_COMPILATION_MODE = wholemodule;
				SWIFT_OPTIMIZATION_LEVEL = "-O";
				VALIDATE_PRODUCT = YES;
			};
			name = Release;
		};
		0E7D7AE72A0BADF0007C7F33 /* Debug */ = {
			isa = XCBuildConfiguration;
			buildSettings = {
				ASSETCATALOG_COMPILER_APPICON_NAME = AppIcon;
				ASSETCATALOG_COMPILER_GLOBAL_ACCENT_COLOR_NAME = AccentColor;
				CODE_SIGN_STYLE = Automatic;
				CURRENT_PROJECT_VERSION = 1;
				DEVELOPMENT_ASSET_PATHS = "\"CalmCompass/Preview Content\"";
				DEVELOPMENT_TEAM = 8U9A4A64L9;
				ENABLE_PREVIEWS = YES;
				GENERATE_INFOPLIST_FILE = YES;
				INFOPLIST_KEY_UIApplicationSceneManifest_Generation = YES;
				INFOPLIST_KEY_UIApplicationSupportsIndirectInputEvents = YES;
				INFOPLIST_KEY_UILaunchScreen_Generation = YES;
				INFOPLIST_KEY_UISupportedInterfaceOrientations_iPad = "UIInterfaceOrientationPortrait UIInterfaceOrientationPortraitUpsideDown UIInterfaceOrientationLandscapeLeft UIInterfaceOrientationLandscapeRight";
				INFOPLIST_KEY_UISupportedInterfaceOrientations_iPhone = "UIInterfaceOrientationPortrait UIInterfaceOrientationLandscapeLeft UIInterfaceOrientationLandscapeRight";
				LD_RUNPATH_SEARCH_PATHS = (
					"$(inherited)",
					"@executable_path/Frameworks",
				);
				MARKETING_VERSION = 1.0;
				PRODUCT_BUNDLE_IDENTIFIER = com.example.CalmCompass;
				PRODUCT_NAME = "$(TARGET_NAME)";
				SWIFT_EMIT_LOC_STRINGS = YES;
				SWIFT_VERSION = 5.0;
				TARGETED_DEVICE_FAMILY = "1,2";
			};
			name = Debug;
		};
		0E7D7AE82A0BADF0007C7F33 /* Release */ = {
			isa = XCBuildConfiguration;
			buildSettings = {
				ASSETCATALOG_COMPILER_APPICON_NAME = AppIcon;
				ASSETCATALOG_COMPILER_GLOBAL_ACCENT_COLOR_NAME = AccentColor;
				CODE_SIGN_STYLE = Automatic;
				CURRENT_PROJECT_VERSION = 1;
				DEVELOPMENT_ASSET_PATHS = "\"CalmCompass/Preview Content\"";
				DEVELOPMENT_TEAM = 8U9A4A64L9;
				ENABLE_PREVIEWS = YES;
				GENERATE_INFOPLIST_FILE = YES;
				INFOPLIST_KEY_UIApplicationSceneManifest_Generation = YES;
				INFOPLIST_KEY_UIApplicationSupportsIndirectInputEvents = YES;
				INFOPLIST_KEY_UILaunchScreen_Generation = YES;
				INFOPLIST_KEY_UISupportedInterfaceOrientations_iPad = "UIInterfaceOrientationPortrait UIInterfaceOrientationPortraitUpsideDown UIInterfaceOrientationLandscapeLeft UIInterfaceOrientationLandscapeRight";
				INFOPLIST_KEY_UISupportedInterfaceOrientations_iPhone = "UIInterfaceOrientationPortrait UIInterfaceOrientationLandscapeLeft UIInterfaceOrientationLandscapeRight";
				LD_RUNPATH_SEARCH_PATHS = (
					"$(inherited)",
					"@executable_path/Frameworks",
				);
				MARKETING_VERSION = 1.0;
				PRODUCT_BUNDLE_IDENTIFIER = com.example.CalmCompass;
				PRODUCT_NAME = "$(TARGET_NAME)";
				SWIFT_EMIT_LOC_STRINGS = YES;
				SWIFT_VERSION = 5.0;
				TARGETED_DEVICE_FAMILY = "1,2";
			};
			name = Release;
		};
		0E7D7AEA2A0BADF0007C7F33 /* Debug */ = {
			isa = XCBuildConfiguration;
			buildSettings = {
				ALWAYS_EMBED_SWIFT_STANDARD_LIBRARIES = YES;
				BUNDLE_LOADER = "$(TEST_HOST)";
				CODE_SIGN_STYLE = Automatic;
				CURRENT_PROJECT_VERSION = 1;
				DEVELOPMENT_TEAM = 8U9A4A64L9;
				GENERATE_INFOPLIST_FILE = YES;
				IPHONEOS_DEPLOYMENT_TARGET = 16.4;
				MARKETING_VERSION = 1.0;
				PRODUCT_BUNDLE_IDENTIFIER = com.example.CalmCompassTests;
				PRODUCT_NAME = "$(TARGET_NAME)";
				SWIFT_EMIT_LOC_STRINGS = NO;
				SWIFT_VERSION = 5.0;
				TARGETED_DEVICE_FAMILY = "1,2";
				TEST_HOST = "$(BUILT_PRODUCTS_DIR)/CalmCompass.app/$(BUNDLE_EXECUTABLE_FOLDER_PATH)/CalmCompass";
			};
			name = Debug;
		};
		0E7D7AEB2A0BADF0007C7F33 /* Release */ = {
			isa = XCBuildConfiguration;
			buildSettings = {
				ALWAYS_EMBED_SWIFT_STANDARD_LIBRARIES = YES;
				BUNDLE_LOADER = "$(TEST_HOST)";
				CODE_SIGN_STYLE = Automatic;
				CURRENT_PROJECT_VERSION = 1;
				DEVELOPMENT_TEAM = 8U9A4A64L9;
				GENERATE_INFOPLIST_FILE = YES;
				IPHONEOS_DEPLOYMENT_TARGET = 16.4;
				MARKETING_VERSION = 1.0;
				PRODUCT_BUNDLE_IDENTIFIER = com.example.CalmCompassTests;
				PRODUCT_NAME = "$(TARGET_NAME)";
				SWIFT_EMIT_LOC_STRINGS = NO;
				SWIFT_VERSION = 5.0;
				TARGETED_DEVICE_FAMILY = "1,2";
				TEST_HOST = "$(BUILT_PRODUCTS_DIR)/CalmCompass.app/$(BUNDLE_EXECUTABLE_FOLDER_PATH)/CalmCompass";
			};
			name = Release;
		};
		0E7D7AED2A0BADF0007C7F33 /* Debug */ = {
			isa = XCBuildConfiguration;
			buildSettings = {
				ALWAYS_EMBED_SWIFT_STANDARD_LIBRARIES = YES;
				CODE_SIGN_STYLE = Automatic;
				CURRENT_PROJECT_VERSION = 1;
				DEVELOPMENT_TEAM = 8U9A4A64L9;
				GENERATE_INFOPLIST_FILE = YES;
				MARKETING_VERSION = 1.0;
				PRODUCT_BUNDLE_IDENTIFIER = com.example.CalmCompassUITests;
				PRODUCT_NAME = "$(TARGET_NAME)";
				SWIFT_EMIT_LOC_STRINGS = NO;
				SWIFT_VERSION = 5.0;
				TARGETED_DEVICE_FAMILY = "1,2";
				TEST_TARGET_NAME = CalmCompass;
			};
			name = Debug;
		};
		0E7D7AEE2A0BADF0007C7F33 /* Release */ = {
			isa = XCBuildConfiguration;
			buildSettings = {
				ALWAYS_EMBED_SWIFT_STANDARD_LIBRARIES = YES;
				CODE_SIGN_STYLE = Automatic;
				CURRENT_PROJECT_VERSION = 1;
				DEVELOPMENT_TEAM = 8U9A4A64L9;
				GENERATE_INFOPLIST_FILE = YES;
				MARKETING_VERSION = 1.0;
				PRODUCT_BUNDLE_IDENTIFIER = com.example.CalmCompassUITests;
				PRODUCT_NAME = "$(TARGET_NAME)";
				SWIFT_EMIT_LOC_STRINGS = NO;
				SWIFT_VERSION = 5.0;
				TARGETED_DEVICE_FAMILY = "1,2";
				TEST_TARGET_NAME = CalmCompass;
			};
			name = Release;
		};
/* End XCBuildConfiguration section */

/* Begin XCConfigurationList section */
		0E7D7ABD2A0BADEF007C7F33 /* Build configuration list for PBXProject "CalmCompass" */ = {
			isa = XCConfigurationList;
			buildConfigurations = (
				0E7D7AE42A0BADF0007C7F33 /* Debug */,
				0E7D7AE52A0BADF0007C7F33 /* Release */,
			);
			defaultConfigurationIsVisible = 0;
			defaultConfigurationName = Release;
		};
		0E7D7AE62A0BADF0007C7F33 /* Build configuration list for PBXNativeTarget "CalmCompass" */ = {
			isa = XCConfigurationList;
			buildConfigurations = (
				0E7D7AE72A0BADF0007C7F33 /* Debug */,
				0E7D7AE82A0BADF0007C7F33 /* Release */,
			);
			defaultConfigurationIsVisible = 0;
			defaultConfigurationName = Release;
		};
		0E7D7AE92A0BADF0007C7F33 /* Build configuration list for PBXNativeTarget "CalmCompassTests" */ = {
			isa = XCConfigurationList;
			buildConfigurations = (
				0E7D7AEA2A0BADF0007C7F33 /* Debug */,
				0E7D7AEB2A0BADF0007C7F33 /* Release */,
			);
			defaultConfigurationIsVisible = 0;
			defaultConfigurationName = Release;
		};
		0E7D7AEC2A0BADF0007C7F33 /* Build configuration list for PBXNativeTarget "CalmCompassUITests" */ = {
			isa = XCConfigurationList;
			buildConfigurations = (
				0E7D7AED2A0BADF0007C7F33 /* Debug */,
				0E7D7AEE2A0BADF0007C7F33 /* Release */,
			);
			defaultConfigurationIsVisible = 0;
			defaultConfigurationName = Release;
		};
/* End XCConfigurationList section */

/* Begin XCRemoteSwiftPackageReference section */
		0E7D7AF92A0D57B0007C7F33 /* XCRemoteSwiftPackageReference "firebase-ios-sdk" */ = {
			isa = XCRemoteSwiftPackageReference;
			repositoryURL = "https://github.com/firebase/firebase-ios-sdk";
			requirement = {
				kind = upToNextMajorVersion;
				minimumVersion = 10.0.0;
			};
		};
		0E7D7B0D2A0D5BF1007C7F33 /* XCRemoteSwiftPackageReference "lottie-ios" */ = {
			isa = XCRemoteSwiftPackageReference;
			repositoryURL = "https://github.com/airbnb/lottie-ios.git";
			requirement = {
				kind = upToNextMajorVersion;
				minimumVersion = 4.0.0;
			};
		};
/* End XCRemoteSwiftPackageReference section */

/* Begin XCSwiftPackageProductDependency section */
		0E7D7AFA2A0D57B0007C7F33 /* FirebaseAnalyticsSwift */ = {
			isa = XCSwiftPackageProductDependency;
			package = 0E7D7AF92A0D57B0007C7F33 /* XCRemoteSwiftPackageReference "firebase-ios-sdk" */;
			productName = FirebaseAnalyticsSwift;
		};
		0E7D7AFC2A0D57B0007C7F33 /* FirebaseAuth */ = {
			isa = XCSwiftPackageProductDependency;
			package = 0E7D7AF92A0D57B0007C7F33 /* XCRemoteSwiftPackageReference "firebase-ios-sdk" */;
			productName = FirebaseAuth;
		};
		0E7D7AFE2A0D57B0007C7F33 /* FirebaseFirestore */ = {
			isa = XCSwiftPackageProductDependency;
			package = 0E7D7AF92A0D57B0007C7F33 /* XCRemoteSwiftPackageReference "firebase-ios-sdk" */;
			productName = FirebaseFirestore;
		};
		0E7D7B002A0D57B0007C7F33 /* FirebaseFirestoreSwift */ = {
			isa = XCSwiftPackageProductDependency;
			package = 0E7D7AF92A0D57B0007C7F33 /* XCRemoteSwiftPackageReference "firebase-ios-sdk" */;
			productName = FirebaseFirestoreSwift;
		};
		0E7D7B022A0D57B0007C7F33 /* FirebaseStorage */ = {
			isa = XCSwiftPackageProductDependency;
			package = 0E7D7AF92A0D57B0007C7F33 /* XCRemoteSwiftPackageReference "firebase-ios-sdk" */;
			productName = FirebaseStorage;
		};
		0E7D7B0E2A0D5BF1007C7F33 /* Lottie */ = {
			isa = XCSwiftPackageProductDependency;
			package = 0E7D7B0D2A0D5BF1007C7F33 /* XCRemoteSwiftPackageReference "lottie-ios" */;
			productName = Lottie;
		};
/* End XCSwiftPackageProductDependency section */
	};
	rootObject = 0E7D7ABA2A0BADEF007C7F33 /* Project object */;
}
